
Microsoft Visual Studio Solution File, Format Version 12.00
# Visual Studio Version 17
VisualStudioVersion = 17.8.34408.163
MinimumVisualStudioVersion = 10.0.40219.1
Project("{FAE04EC0-301F-11D3-BF4B-00C04F79EFBC}") = "IdentityManager", "IdentityManager\IdentityManager.csproj", "{A9C07543-4EEC-407F-BCC6-B90C2C8F2DD5}"
EndProject
Global
	GlobalSection(SolutionConfigurationPlatforms) = preSolution
		Debug|Any CPU = Debug|Any CPU
		Release|Any CPU = Release|Any CPU
	EndGlobalSection
	GlobalSection(ProjectConfigurationPlatforms) = postSolution
		{A9C07543-4EEC-407F-BCC6-B90C2C8F2DD5}.Debug|Any CPU.ActiveCfg = Debug|Any CPU
		{A9C07543-4EEC-407F-BCC6-B90C2C8F2DD5}.Debug|Any CPU.Build.0 = Debug|Any CPU
		{A9C07543-4EEC-407F-BCC6-B90C2C8F2DD5}.Release|Any CPU.ActiveCfg = Release|Any CPU
		{A9C07543-4EEC-407F-BCC6-B90C2C8F2DD5}.Release|Any CPU.Build.0 = Release|Any CPU
	EndGlobalSection
	GlobalSection(SolutionProperties) = preSolution
		HideSolutionNode = FALSE
	EndGlobalSection
	GlobalSection(ExtensibilityGlobals) = postSolution
		SolutionGuid = {45468B7D-76A0-4040-9F97-B0CE1ECA0D36}
	EndGlobalSection
EndGlobal
